
Microsoft Visual Studio Solution File, Format Version 12.00
# Visual Studio Version 17
VisualStudioVersion = 17.3.32819.101
MinimumVisualStudioVersion = 10.0.40219.1
Project("{9A19103F-16F7-4668-BE54-9A1E7A4F7556}") = "TerminalTest", "TerminalTest\TerminalTest.csproj", "{22B33344-0779-40FD-8039-75D3E6203AEA}"
EndProject
Global
	GlobalSection(SolutionConfigurationPlatforms) = preSolution
		Debug|Any CPU = Debug|Any CPU
		Release|Any CPU = Release|Any CPU
	EndGlobalSection
	GlobalSection(ProjectConfigurationPlatforms) = postSolution
		{22B33344-0779-40FD-8039-75D3E6203AEA}.Debug|Any CPU.ActiveCfg = Debug|Any CPU
		{22B33344-0779-40FD-8039-75D3E6203AEA}.Debug|Any CPU.Build.0 = Debug|Any CPU
		{22B33344-0779-40FD-8039-75D3E6203AEA}.Release|Any CPU.ActiveCfg = Release|Any CPU
		{22B33344-0779-40FD-8039-75D3E6203AEA}.Release|Any CPU.Build.0 = Release|Any CPU
	EndGlobalSection
	GlobalSection(SolutionProperties) = preSolution
		HideSolutionNode = FALSE
	EndGlobalSection
	GlobalSection(ExtensibilityGlobals) = postSolution
		SolutionGuid = {6FD66393-DD57-4ED1-9707-49F82E60CB0E}
	EndGlobalSection
EndGlobal
